
Microsoft Visual Studio Solution File, Format Version 11.00
# Visual Studio 2010
Project("{FAE04EC0-301F-11D3-BF4B-00C04F79EFBC}") = "Drision.Framework.Web", "CMS\Drision.Framework.Web.csproj", "{1DD2D95B-787B-486D-A4DF-157B2F99E1C0}"
EndProject
Project("{FAE04EC0-301F-11D3-BF4B-00C04F79EFBC}") = "Reception", "Reception\Reception.csproj", "{D89521E2-C04D-4E9A-8DFE-A4EB7EABAB03}"
EndProject
Project("{E24C65DC-7377-472B-9ABA-BC803B73C61A}") = "html", "..\examples\html\", "{806AB520-5899-4154-8FEC-8E30839BAA9A}"
	ProjectSection(WebsiteProperties) = preProject
		TargetFrameworkMoniker = ".NETFramework,Version%3Dv4.0"
		Debug.AspNetCompiler.VirtualPath = "/html"
		Debug.AspNetCompiler.PhysicalPath = "..\examples\html\"
		Debug.AspNetCompiler.TargetPath = "PrecompiledWeb\html\"
		Debug.AspNetCompiler.Updateable = "true"
		Debug.AspNetCompiler.ForceOverwrite = "true"
		Debug.AspNetCompiler.FixedNames = "false"
		Debug.AspNetCompiler.Debug = "True"
		Release.AspNetCompiler.VirtualPath = "/html"
		Release.AspNetCompiler.PhysicalPath = "..\examples\html\"
		Release.AspNetCompiler.TargetPath = "PrecompiledWeb\html\"
		Release.AspNetCompiler.Updateable = "true"
		Release.AspNetCompiler.ForceOverwrite = "true"
		Release.AspNetCompiler.FixedNames = "false"
		Release.AspNetCompiler.Debug = "False"
		VWDPort = "38025"
	EndProjectSection
EndProject
Global
	GlobalSection(SolutionConfigurationPlatforms) = preSolution
		Debug|Any CPU = Debug|Any CPU
		Release|Any CPU = Release|Any CPU
	EndGlobalSection
	GlobalSection(ProjectConfigurationPlatforms) = postSolution
		{1DD2D95B-787B-486D-A4DF-157B2F99E1C0}.Debug|Any CPU.ActiveCfg = Debug|Any CPU
		{1DD2D95B-787B-486D-A4DF-157B2F99E1C0}.Debug|Any CPU.Build.0 = Debug|Any CPU
		{1DD2D95B-787B-486D-A4DF-157B2F99E1C0}.Release|Any CPU.ActiveCfg = Release|Any CPU
		{1DD2D95B-787B-486D-A4DF-157B2F99E1C0}.Release|Any CPU.Build.0 = Release|Any CPU
		{D89521E2-C04D-4E9A-8DFE-A4EB7EABAB03}.Debug|Any CPU.ActiveCfg = Debug|Any CPU
		{D89521E2-C04D-4E9A-8DFE-A4EB7EABAB03}.Debug|Any CPU.Build.0 = Debug|Any CPU
		{D89521E2-C04D-4E9A-8DFE-A4EB7EABAB03}.Release|Any CPU.ActiveCfg = Release|Any CPU
		{D89521E2-C04D-4E9A-8DFE-A4EB7EABAB03}.Release|Any CPU.Build.0 = Release|Any CPU
		{806AB520-5899-4154-8FEC-8E30839BAA9A}.Debug|Any CPU.ActiveCfg = Debug|Any CPU
		{806AB520-5899-4154-8FEC-8E30839BAA9A}.Debug|Any CPU.Build.0 = Debug|Any CPU
		{806AB520-5899-4154-8FEC-8E30839BAA9A}.Release|Any CPU.ActiveCfg = Debug|Any CPU
		{806AB520-5899-4154-8FEC-8E30839BAA9A}.Release|Any CPU.Build.0 = Debug|Any CPU
	EndGlobalSection
	GlobalSection(SolutionProperties) = preSolution
		HideSolutionNode = FALSE
	EndGlobalSection
EndGlobal
